
Microsoft Visual Studio Solution File, Format Version 12.00
# Visual Studio Version 17
VisualStudioVersion = 17.12.35527.113 d17.12
MinimumVisualStudioVersion = 10.0.40219.1
Project("{FAE04EC0-301F-11D3-BF4B-00C04F79EFBC}") = "BlogSite", "BlogSite.csproj", "{3EB464CC-3C98-4F57-9D9A-EEC4C5E4F0B2}"
EndProject
Global
	GlobalSection(SolutionConfigurationPlatforms) = preSolution
		Debug|Any CPU = Debug|Any CPU
		Release|Any CPU = Release|Any CPU
	EndGlobalSection
	GlobalSection(ProjectConfigurationPlatforms) = postSolution
		{3EB464CC-3C98-4F57-9D9A-EEC4C5E4F0B2}.Debug|Any CPU.ActiveCfg = Debug|Any CPU
		{3EB464CC-3C98-4F57-9D9A-EEC4C5E4F0B2}.Debug|Any CPU.Build.0 = Debug|Any CPU
		{3EB464CC-3C98-4F57-9D9A-EEC4C5E4F0B2}.Release|Any CPU.ActiveCfg = Release|Any CPU
		{3EB464CC-3C98-4F57-9D9A-EEC4C5E4F0B2}.Release|Any CPU.Build.0 = Release|Any CPU
	EndGlobalSection
	GlobalSection(SolutionProperties) = preSolution
		HideSolutionNode = FALSE
	EndGlobalSection
EndGlobal
